
Microsoft Visual Studio Solution File, Format Version 12.00
# Visual Studio Version 17
VisualStudioVersion = 17.4.33205.214
MinimumVisualStudioVersion = 10.0.40219.1
Project("{FAE04EC0-301F-11D3-BF4B-00C04F79EFBC}") = "HelloGitHub", "HelloGitHub\HelloGitHub.csproj", "{6B4E5B20-26C1-4446-BE5C-B299FACB8A7A}"
EndProject
Global
	GlobalSection(SolutionConfigurationPlatforms) = preSolution
		Debug|Any CPU = Debug|Any CPU
		Release|Any CPU = Release|Any CPU
	EndGlobalSection
	GlobalSection(ProjectConfigurationPlatforms) = postSolution
		{6B4E5B20-26C1-4446-BE5C-B299FACB8A7A}.Debug|Any CPU.ActiveCfg = Debug|Any CPU
		{6B4E5B20-26C1-4446-BE5C-B299FACB8A7A}.Debug|Any CPU.Build.0 = Debug|Any CPU
		{6B4E5B20-26C1-4446-BE5C-B299FACB8A7A}.Release|Any CPU.ActiveCfg = Release|Any CPU
		{6B4E5B20-26C1-4446-BE5C-B299FACB8A7A}.Release|Any CPU.Build.0 = Release|Any CPU
	EndGlobalSection
	GlobalSection(SolutionProperties) = preSolution
		HideSolutionNode = FALSE
	EndGlobalSection
	GlobalSection(ExtensibilityGlobals) = postSolution
		SolutionGuid = {03DB946B-2442-42FF-A87F-FC131FDB4A6F}
	EndGlobalSection
EndGlobal
